
Microsoft Visual Studio Solution File, Format Version 12.00
# Visual Studio Version 17
VisualStudioVersion = 17.3.32929.385
MinimumVisualStudioVersion = 10.0.40219.1
Project("{FAE04EC0-301F-11D3-BF4B-00C04F79EFBC}") = "VowelorConsonent_9", "VowelorConsonent_9\VowelorConsonent_9.csproj", "{9C8FE16A-4E0D-44CD-A285-F9EEC345196B}"
EndProject
Global
	GlobalSection(SolutionConfigurationPlatforms) = preSolution
		Debug|Any CPU = Debug|Any CPU
		Release|Any CPU = Release|Any CPU
	EndGlobalSection
	GlobalSection(ProjectConfigurationPlatforms) = postSolution
		{9C8FE16A-4E0D-44CD-A285-F9EEC345196B}.Debug|Any CPU.ActiveCfg = Debug|Any CPU
		{9C8FE16A-4E0D-44CD-A285-F9EEC345196B}.Debug|Any CPU.Build.0 = Debug|Any CPU
		{9C8FE16A-4E0D-44CD-A285-F9EEC345196B}.Release|Any CPU.ActiveCfg = Release|Any CPU
		{9C8FE16A-4E0D-44CD-A285-F9EEC345196B}.Release|Any CPU.Build.0 = Release|Any CPU
	EndGlobalSection
	GlobalSection(SolutionProperties) = preSolution
		HideSolutionNode = FALSE
	EndGlobalSection
	GlobalSection(ExtensibilityGlobals) = postSolution
		SolutionGuid = {7505ECD0-3AB1-4B77-9487-E067C7567770}
	EndGlobalSection
EndGlobal
