
Microsoft Visual Studio Solution File, Format Version 12.00
# Visual Studio Version 17
VisualStudioVersion = 17.3.32929.385
MinimumVisualStudioVersion = 10.0.40219.1
Project("{FAE04EC0-301F-11D3-BF4B-00C04F79EFBC}") = "CheackLeapYearorNot_2", "CheackLeapYearorNot_2\CheackLeapYearorNot_2.csproj", "{7094F165-9773-4B6B-AD19-F58E7EC3DE59}"
EndProject
Global
	GlobalSection(SolutionConfigurationPlatforms) = preSolution
		Debug|Any CPU = Debug|Any CPU
		Release|Any CPU = Release|Any CPU
	EndGlobalSection
	GlobalSection(ProjectConfigurationPlatforms) = postSolution
		{7094F165-9773-4B6B-AD19-F58E7EC3DE59}.Debug|Any CPU.ActiveCfg = Debug|Any CPU
		{7094F165-9773-4B6B-AD19-F58E7EC3DE59}.Debug|Any CPU.Build.0 = Debug|Any CPU
		{7094F165-9773-4B6B-AD19-F58E7EC3DE59}.Release|Any CPU.ActiveCfg = Release|Any CPU
		{7094F165-9773-4B6B-AD19-F58E7EC3DE59}.Release|Any CPU.Build.0 = Release|Any CPU
	EndGlobalSection
	GlobalSection(SolutionProperties) = preSolution
		HideSolutionNode = FALSE
	EndGlobalSection
	GlobalSection(ExtensibilityGlobals) = postSolution
		SolutionGuid = {3A7EE428-571D-4EB9-AB6F-25E9615993D9}
	EndGlobalSection
EndGlobal
